
Microsoft Visual Studio Solution File, Format Version 12.00
# Visual Studio Version 17
VisualStudioVersion = 17.5.002.0
MinimumVisualStudioVersion = 10.0.40219.1
Project("{9A19103F-16F7-4668-BE54-9A1E7A4F7556}") = "Ol-api", "Ol-api\Ol-api.csproj", "{676201FC-7B01-42BF-9999-565E4041F816}"
EndProject
Global
	GlobalSection(SolutionConfigurationPlatforms) = preSolution
		Debug|Any CPU = Debug|Any CPU
		Release|Any CPU = Release|Any CPU
	EndGlobalSection
	GlobalSection(ProjectConfigurationPlatforms) = postSolution
		{676201FC-7B01-42BF-9999-565E4041F816}.Debug|Any CPU.ActiveCfg = Debug|Any CPU
		{676201FC-7B01-42BF-9999-565E4041F816}.Debug|Any CPU.Build.0 = Debug|Any CPU
		{676201FC-7B01-42BF-9999-565E4041F816}.Release|Any CPU.ActiveCfg = Release|Any CPU
		{676201FC-7B01-42BF-9999-565E4041F816}.Release|Any CPU.Build.0 = Release|Any CPU
	EndGlobalSection
	GlobalSection(SolutionProperties) = preSolution
		HideSolutionNode = FALSE
	EndGlobalSection
	GlobalSection(ExtensibilityGlobals) = postSolution
		SolutionGuid = {F745602A-5B56-4B83-90A7-06DC1B2A5A36}
	EndGlobalSection
EndGlobal
